{
  "nodes": {
    "deband-flake": {
      "inputs": {
        "nixpkgs": "nixpkgs"
      },
      "locked": {
        "path": "./vapoursynth-neo_f3kdb",
        "type": "path"
      },
      "original": {
        "path": "./vapoursynth-neo_f3kdb",
        "type": "path"
      },
      "parent": []
    },
    "descale-flake": {
      "inputs": {
        "nixpkgs": "nixpkgs_2"
      },
      "locked": {
        "path": "./vapoursynth-descale",
        "type": "path"
      },
      "original": {
        "path": "./vapoursynth-descale",
        "type": "path"
      },
      "parent": []
    },
    "ffms2": {
      "inputs": {
        "nixpkgs": "nixpkgs_3"
      },
      "locked": {
        "path": "./vapoursynth-ffms2",
        "type": "path"
      },
      "original": {
        "path": "./vapoursynth-ffms2",
        "type": "path"
      },
      "parent": []
    },
    "flake-utils": {
      "inputs": {
        "systems": "systems"
      },
      "locked": {
        "lastModified": 1731533236,
        "narHash": "sha256-l0KFg5HjrsfsO/JpG+r7fRrqm12kzFHyUHqHCVpMMbI=",
        "owner": "numtide",
        "repo": "flake-utils",
        "rev": "11707dc2f618dd54ca8739b309ec4fc024de578b",
        "type": "github"
      },
      "original": {
        "owner": "numtide",
        "repo": "flake-utils",
        "type": "github"
      }
    },
    "flake-utils_2": {
      "inputs": {
        "systems": "systems_2"
      },
      "locked": {
        "lastModified": 1731533236,
        "narHash": "sha256-l0KFg5HjrsfsO/JpG+r7fRrqm12kzFHyUHqHCVpMMbI=",
        "owner": "numtide",
        "repo": "flake-utils",
        "rev": "11707dc2f618dd54ca8739b309ec4fc024de578b",
        "type": "github"
      },
      "original": {
        "owner": "numtide",
        "repo": "flake-utils",
        "type": "github"
      }
    },
    "grav1synth-flake": {
      "inputs": {
        "nixpkgs": "nixpkgs_4"
      },
      "locked": {
        "path": "./grav1synth",
        "type": "path"
      },
      "original": {
        "path": "./grav1synth",
        "type": "path"
      },
      "parent": []
    },
    "nixpkgs": {
      "locked": {
        "lastModified": 1771848320,
        "narHash": "sha256-0MAd+0mun3K/Ns8JATeHT1sX28faLII5hVLq0L3BdZU=",
        "owner": "nixos",
        "repo": "nixpkgs",
        "rev": "2fc6539b481e1d2569f25f8799236694180c0993",
        "type": "github"
      },
      "original": {
        "owner": "nixos",
        "ref": "nixos-unstable",
        "repo": "nixpkgs",
        "type": "github"
      }
    },
    "nixpkgs_10": {
      "locked": {
        "lastModified": 1771848320,
        "narHash": "sha256-0MAd+0mun3K/Ns8JATeHT1sX28faLII5hVLq0L3BdZU=",
        "owner": "nixos",
        "repo": "nixpkgs",
        "rev": "2fc6539b481e1d2569f25f8799236694180c0993",
        "type": "github"
      },
      "original": {
        "owner": "nixos",
        "ref": "nixos-unstable",
        "repo": "nixpkgs",
        "type": "github"
      }
    },
    "nixpkgs_2": {
      "locked": {
        "lastModified": 1771848320,
        "narHash": "sha256-0MAd+0mun3K/Ns8JATeHT1sX28faLII5hVLq0L3BdZU=",
        "owner": "nixos",
        "repo": "nixpkgs",
        "rev": "2fc6539b481e1d2569f25f8799236694180c0993",
        "type": "github"
      },
      "original": {
        "owner": "nixos",
        "ref": "nixos-unstable",
        "repo": "nixpkgs",
        "type": "github"
      }
    },
    "nixpkgs_3": {
      "locked": {
        "lastModified": 1770197578,
        "narHash": "sha256-AYqlWrX09+HvGs8zM6ebZ1pwUqjkfpnv8mewYwAo+iM=",
        "owner": "nixos",
        "repo": "nixpkgs",
        "rev": "00c21e4c93d963c50d4c0c89bfa84ed6e0694df2",
        "type": "github"
      },
      "original": {
        "owner": "nixos",
        "ref": "nixos-unstable",
        "repo": "nixpkgs",
        "type": "github"
      }
    },
    "nixpkgs_4": {
      "locked": {
        "lastModified": 1771848320,
        "narHash": "sha256-0MAd+0mun3K/Ns8JATeHT1sX28faLII5hVLq0L3BdZU=",
        "owner": "nixos",
        "repo": "nixpkgs",
        "rev": "2fc6539b481e1d2569f25f8799236694180c0993",
        "type": "github"
      },
      "original": {
        "owner": "nixos",
        "ref": "nixos-unstable",
        "repo": "nixpkgs",
        "type": "github"
      }
    },
    "nixpkgs_5": {
      "locked": {
        "lastModified": 1771848320,
        "narHash": "sha256-0MAd+0mun3K/Ns8JATeHT1sX28faLII5hVLq0L3BdZU=",
        "owner": "nixos",
        "repo": "nixpkgs",
        "rev": "2fc6539b481e1d2569f25f8799236694180c0993",
        "type": "github"
      },
      "original": {
        "owner": "nixos",
        "ref": "nixos-unstable",
        "repo": "nixpkgs",
        "type": "github"
      }
    },
    "nixpkgs_6": {
      "locked": {
        "lastModified": 1770343870,
        "narHash": "sha256-WR/7ezwYcXDBuOCj+iidSGKf3GEc7mcZg08Sp6tHC1I=",
        "owner": "nixos",
        "repo": "nixpkgs",
        "rev": "62dc3bf01b76d296c3eebb15f483598c12e10c44",
        "type": "github"
      },
      "original": {
        "owner": "nixos",
        "repo": "nixpkgs",
        "type": "github"
      }
    },
    "nixpkgs_7": {
      "locked": {
        "lastModified": 1771923393,
        "narHash": "sha256-Fy0+UXELv9hOE8WjYhJt8fMDLYTU2Dqn3cX4BwoGBos=",
        "owner": "NixOS",
        "repo": "nixpkgs",
        "rev": "ea7f1f06811ce7fcc81d6c6fd4213150c23edcf2",
        "type": "github"
      },
      "original": {
        "owner": "NixOS",
        "ref": "nixpkgs-unstable",
        "repo": "nixpkgs",
        "type": "github"
      }
    },
    "nixpkgs_8": {
      "locked": {
        "lastModified": 1770343870,
        "narHash": "sha256-WR/7ezwYcXDBuOCj+iidSGKf3GEc7mcZg08Sp6tHC1I=",
        "owner": "nixos",
        "repo": "nixpkgs",
        "rev": "62dc3bf01b76d296c3eebb15f483598c12e10c44",
        "type": "github"
      },
      "original": {
        "owner": "nixos",
        "repo": "nixpkgs",
        "type": "github"
      }
    },
    "nixpkgs_9": {
      "locked": {
        "lastModified": 1771848320,
        "narHash": "sha256-0MAd+0mun3K/Ns8JATeHT1sX28faLII5hVLq0L3BdZU=",
        "owner": "nixos",
        "repo": "nixpkgs",
        "rev": "2fc6539b481e1d2569f25f8799236694180c0993",
        "type": "github"
      },
      "original": {
        "owner": "nixos",
        "ref": "nixos-unstable",
        "repo": "nixpkgs",
        "type": "github"
      }
    },
    "root": {
      "inputs": {
        "deband-flake": "deband-flake",
        "descale-flake": "descale-flake",
        "ffms2": "ffms2",
        "grav1synth-flake": "grav1synth-flake",
        "nixpkgs": "nixpkgs_5",
        "vapoursynth-zip-flake": "vapoursynth-zip-flake",
        "vs-jetpack-flake": "vs-jetpack-flake",
        "vs-nlm-flake": "vs-nlm-flake",
        "wnnm-flake": "wnnm-flake"
      }
    },
    "systems": {
      "locked": {
        "lastModified": 1681028828,
        "narHash": "sha256-Vy1rq5AaRuLzOxct8nz4T6wlgyUR7zLU309k9mBC768=",
        "owner": "nix-systems",
        "repo": "default",
        "rev": "da67096a3b9bf56a91d16901293e51ba5b49a27e",
        "type": "github"
      },
      "original": {
        "owner": "nix-systems",
        "repo": "default",
        "type": "github"
      }
    },
    "systems_2": {
      "locked": {
        "lastModified": 1681028828,
        "narHash": "sha256-Vy1rq5AaRuLzOxct8nz4T6wlgyUR7zLU309k9mBC768=",
        "owner": "nix-systems",
        "repo": "default",
        "rev": "da67096a3b9bf56a91d16901293e51ba5b49a27e",
        "type": "github"
      },
      "original": {
        "owner": "nix-systems",
        "repo": "default",
        "type": "github"
      }
    },
    "vapoursynth-zip-flake": {
      "inputs": {
        "zig2nix": "zig2nix"
      },
      "locked": {
        "lastModified": 1770850801,
        "narHash": "sha256-lF5HP9RAngBqw384FWDMMpCrbyMGbGisQUceh/6RYOU=",
        "owner": "mike7d7",
        "repo": "vapoursynth-zip",
        "rev": "59496b29f8245f7b2ee6e109cb708ed9f3cdca0e",
        "type": "github"
      },
      "original": {
        "owner": "mike7d7",
        "repo": "vapoursynth-zip",
        "type": "github"
      }
    },
    "vapoursynth-zip-flake_2": {
      "inputs": {
        "zig2nix": "zig2nix_2"
      },
      "locked": {
        "lastModified": 1770850801,
        "narHash": "sha256-lF5HP9RAngBqw384FWDMMpCrbyMGbGisQUceh/6RYOU=",
        "owner": "mike7d7",
        "repo": "vapoursynth-zip",
        "rev": "59496b29f8245f7b2ee6e109cb708ed9f3cdca0e",
        "type": "github"
      },
      "original": {
        "owner": "mike7d7",
        "repo": "vapoursynth-zip",
        "type": "github"
      }
    },
    "vs-jetpack-flake": {
      "inputs": {
        "nixpkgs": "nixpkgs_7",
        "vapoursynth-zip-flake": "vapoursynth-zip-flake_2"
      },
      "locked": {
        "path": "./vapoursynth-vs-jetpack",
        "type": "path"
      },
      "original": {
        "path": "./vapoursynth-vs-jetpack",
        "type": "path"
      },
      "parent": []
    },
    "vs-nlm-flake": {
      "inputs": {
        "nixpkgs": "nixpkgs_9"
      },
      "locked": {
        "path": "./vapoursynth-nlm-ispc",
        "type": "path"
      },
      "original": {
        "path": "./vapoursynth-nlm-ispc",
        "type": "path"
      },
      "parent": []
    },
    "wnnm-flake": {
      "inputs": {
        "nixpkgs": "nixpkgs_10"
      },
      "locked": {
        "path": "./vapoursynth-wnnm",
        "type": "path"
      },
      "original": {
        "path": "./vapoursynth-wnnm",
        "type": "path"
      },
      "parent": []
    },
    "zig2nix": {
      "inputs": {
        "flake-utils": "flake-utils",
        "nixpkgs": "nixpkgs_6"
      },
      "locked": {
        "lastModified": 1770344746,
        "narHash": "sha256-iy2n3yml9qxFWa3LkPJdyQoSrRshZXNKHCIyvn9d3rA=",
        "owner": "Cloudef",
        "repo": "zig2nix",
        "rev": "bec99c8ac2e9055aab27f93d8aef35fca08b52a6",
        "type": "github"
      },
      "original": {
        "owner": "Cloudef",
        "repo": "zig2nix",
        "type": "github"
      }
    },
    "zig2nix_2": {
      "inputs": {
        "flake-utils": "flake-utils_2",
        "nixpkgs": "nixpkgs_8"
      },
      "locked": {
        "lastModified": 1770344746,
        "narHash": "sha256-iy2n3yml9qxFWa3LkPJdyQoSrRshZXNKHCIyvn9d3rA=",
        "owner": "Cloudef",
        "repo": "zig2nix",
        "rev": "bec99c8ac2e9055aab27f93d8aef35fca08b52a6",
        "type": "github"
      },
      "original": {
        "owner": "Cloudef",
        "repo": "zig2nix",
        "type": "github"
      }
    }
  },
  "root": "root",
  "version": 7
}
