{
  "nodes": {
    "deband-flake": {
      "inputs": {
        "nixpkgs": "nixpkgs"
      },
      "locked": {
        "path": "./vapoursynth-neo_f3kdb",
        "type": "path"
      },
      "original": {
        "path": "./vapoursynth-neo_f3kdb",
        "type": "path"
      },
      "parent": []
    },
    "descale-flake": {
      "inputs": {
        "nixpkgs": "nixpkgs_2"
      },
      "locked": {
        "path": "./vapoursynth-descale",
        "type": "path"
      },
      "original": {
        "path": "./vapoursynth-descale",
        "type": "path"
      },
      "parent": []
    },
    "flake-utils": {
      "inputs": {
        "systems": "systems"
      },
      "locked": {
        "lastModified": 1731533236,
        "narHash": "sha256-l0KFg5HjrsfsO/JpG+r7fRrqm12kzFHyUHqHCVpMMbI=",
        "owner": "numtide",
        "repo": "flake-utils",
        "rev": "11707dc2f618dd54ca8739b309ec4fc024de578b",
        "type": "github"
      },
      "original": {
        "owner": "numtide",
        "repo": "flake-utils",
        "type": "github"
      }
    },
    "flake-utils_2": {
      "inputs": {
        "systems": "systems_2"
      },
      "locked": {
        "lastModified": 1731533236,
        "narHash": "sha256-l0KFg5HjrsfsO/JpG+r7fRrqm12kzFHyUHqHCVpMMbI=",
        "owner": "numtide",
        "repo": "flake-utils",
        "rev": "11707dc2f618dd54ca8739b309ec4fc024de578b",
        "type": "github"
      },
      "original": {
        "owner": "numtide",
        "repo": "flake-utils",
        "type": "github"
      }
    },
    "grav1synth-flake": {
      "inputs": {
        "nixpkgs": "nixpkgs_3"
      },
      "locked": {
        "path": "./grav1synth",
        "type": "path"
      },
      "original": {
        "path": "./grav1synth",
        "type": "path"
      },
      "parent": []
    },
    "nixpkgs": {
      "locked": {
        "lastModified": 1744932701,
        "narHash": "sha256-fusHbZCyv126cyArUwwKrLdCkgVAIaa/fQJYFlCEqiU=",
        "owner": "nixos",
        "repo": "nixpkgs",
        "rev": "b024ced1aac25639f8ca8fdfc2f8c4fbd66c48ef",
        "type": "github"
      },
      "original": {
        "owner": "nixos",
        "ref": "nixos-unstable",
        "repo": "nixpkgs",
        "type": "github"
      }
    },
    "nixpkgs_2": {
      "locked": {
        "lastModified": 1744932701,
        "narHash": "sha256-fusHbZCyv126cyArUwwKrLdCkgVAIaa/fQJYFlCEqiU=",
        "owner": "nixos",
        "repo": "nixpkgs",
        "rev": "b024ced1aac25639f8ca8fdfc2f8c4fbd66c48ef",
        "type": "github"
      },
      "original": {
        "owner": "nixos",
        "ref": "nixos-unstable",
        "repo": "nixpkgs",
        "type": "github"
      }
    },
    "nixpkgs_3": {
      "locked": {
        "lastModified": 1744932701,
        "narHash": "sha256-fusHbZCyv126cyArUwwKrLdCkgVAIaa/fQJYFlCEqiU=",
        "owner": "nixos",
        "repo": "nixpkgs",
        "rev": "b024ced1aac25639f8ca8fdfc2f8c4fbd66c48ef",
        "type": "github"
      },
      "original": {
        "owner": "nixos",
        "ref": "nixos-unstable",
        "repo": "nixpkgs",
        "type": "github"
      }
    },
    "nixpkgs_4": {
      "locked": {
        "lastModified": 1744932701,
        "narHash": "sha256-fusHbZCyv126cyArUwwKrLdCkgVAIaa/fQJYFlCEqiU=",
        "owner": "nixos",
        "repo": "nixpkgs",
        "rev": "b024ced1aac25639f8ca8fdfc2f8c4fbd66c48ef",
        "type": "github"
      },
      "original": {
        "owner": "nixos",
        "ref": "nixos-unstable",
        "repo": "nixpkgs",
        "type": "github"
      }
    },
    "nixpkgs_5": {
      "locked": {
        "lastModified": 1736817698,
        "narHash": "sha256-1m+JP9RUsbeLVv/tF1DX3Ew9Vl/fatXnlh/g5k3jcSk=",
        "owner": "nixos",
        "repo": "nixpkgs",
        "rev": "2b1fca3296ddd1602d2c4f104a4050e006f4b0cb",
        "type": "github"
      },
      "original": {
        "owner": "nixos",
        "repo": "nixpkgs",
        "type": "github"
      }
    },
    "nixpkgs_6": {
      "locked": {
        "lastModified": 1744868846,
        "narHash": "sha256-5RJTdUHDmj12Qsv7XOhuospjAjATNiTMElplWnJE9Hs=",
        "owner": "NixOS",
        "repo": "nixpkgs",
        "rev": "ebe4301cbd8f81c4f8d3244b3632338bbeb6d49c",
        "type": "github"
      },
      "original": {
        "owner": "NixOS",
        "ref": "nixpkgs-unstable",
        "repo": "nixpkgs",
        "type": "github"
      }
    },
    "nixpkgs_7": {
      "locked": {
        "lastModified": 1736817698,
        "narHash": "sha256-1m+JP9RUsbeLVv/tF1DX3Ew9Vl/fatXnlh/g5k3jcSk=",
        "owner": "nixos",
        "repo": "nixpkgs",
        "rev": "2b1fca3296ddd1602d2c4f104a4050e006f4b0cb",
        "type": "github"
      },
      "original": {
        "owner": "nixos",
        "repo": "nixpkgs",
        "type": "github"
      }
    },
    "nixpkgs_8": {
      "locked": {
        "lastModified": 1744932701,
        "narHash": "sha256-fusHbZCyv126cyArUwwKrLdCkgVAIaa/fQJYFlCEqiU=",
        "owner": "nixos",
        "repo": "nixpkgs",
        "rev": "b024ced1aac25639f8ca8fdfc2f8c4fbd66c48ef",
        "type": "github"
      },
      "original": {
        "owner": "nixos",
        "ref": "nixos-unstable",
        "repo": "nixpkgs",
        "type": "github"
      }
    },
    "nixpkgs_9": {
      "locked": {
        "lastModified": 1744932701,
        "narHash": "sha256-fusHbZCyv126cyArUwwKrLdCkgVAIaa/fQJYFlCEqiU=",
        "owner": "nixos",
        "repo": "nixpkgs",
        "rev": "b024ced1aac25639f8ca8fdfc2f8c4fbd66c48ef",
        "type": "github"
      },
      "original": {
        "owner": "nixos",
        "ref": "nixos-unstable",
        "repo": "nixpkgs",
        "type": "github"
      }
    },
    "root": {
      "inputs": {
        "deband-flake": "deband-flake",
        "descale-flake": "descale-flake",
        "grav1synth-flake": "grav1synth-flake",
        "nixpkgs": "nixpkgs_4",
        "vapoursynth-zip-flake": "vapoursynth-zip-flake",
        "vs-jetpack-flake": "vs-jetpack-flake",
        "vs-nlm-flake": "vs-nlm-flake",
        "wnnm-flake": "wnnm-flake"
      }
    },
    "systems": {
      "locked": {
        "lastModified": 1681028828,
        "narHash": "sha256-Vy1rq5AaRuLzOxct8nz4T6wlgyUR7zLU309k9mBC768=",
        "owner": "nix-systems",
        "repo": "default",
        "rev": "da67096a3b9bf56a91d16901293e51ba5b49a27e",
        "type": "github"
      },
      "original": {
        "owner": "nix-systems",
        "repo": "default",
        "type": "github"
      }
    },
    "systems_2": {
      "locked": {
        "lastModified": 1681028828,
        "narHash": "sha256-Vy1rq5AaRuLzOxct8nz4T6wlgyUR7zLU309k9mBC768=",
        "owner": "nix-systems",
        "repo": "default",
        "rev": "da67096a3b9bf56a91d16901293e51ba5b49a27e",
        "type": "github"
      },
      "original": {
        "owner": "nix-systems",
        "repo": "default",
        "type": "github"
      }
    },
    "vapoursynth-zip-flake": {
      "inputs": {
        "zig2nix": "zig2nix"
      },
      "locked": {
        "lastModified": 1739590596,
        "narHash": "sha256-qfNj27teSRDA1lPEN6uXM4OakxazDkSla5ZDdpeMb0k=",
        "owner": "mike7d7",
        "repo": "vapoursynth-zip",
        "rev": "4e666eda611f127f203153876c444d64b7dfe4d5",
        "type": "github"
      },
      "original": {
        "owner": "mike7d7",
        "repo": "vapoursynth-zip",
        "type": "github"
      }
    },
    "vapoursynth-zip-flake_2": {
      "inputs": {
        "zig2nix": "zig2nix_2"
      },
      "locked": {
        "lastModified": 1739590596,
        "narHash": "sha256-qfNj27teSRDA1lPEN6uXM4OakxazDkSla5ZDdpeMb0k=",
        "owner": "mike7d7",
        "repo": "vapoursynth-zip",
        "rev": "4e666eda611f127f203153876c444d64b7dfe4d5",
        "type": "github"
      },
      "original": {
        "owner": "mike7d7",
        "repo": "vapoursynth-zip",
        "type": "github"
      }
    },
    "vs-jetpack-flake": {
      "inputs": {
        "nixpkgs": "nixpkgs_6",
        "vapoursynth-zip-flake": "vapoursynth-zip-flake_2"
      },
      "locked": {
        "path": "./vapoursynth-vs-jetpack",
        "type": "path"
      },
      "original": {
        "path": "./vapoursynth-vs-jetpack",
        "type": "path"
      },
      "parent": []
    },
    "vs-nlm-flake": {
      "inputs": {
        "nixpkgs": "nixpkgs_8"
      },
      "locked": {
        "path": "./vapoursynth-nlm-ispc",
        "type": "path"
      },
      "original": {
        "path": "./vapoursynth-nlm-ispc",
        "type": "path"
      },
      "parent": []
    },
    "wnnm-flake": {
      "inputs": {
        "nixpkgs": "nixpkgs_9"
      },
      "locked": {
        "path": "./vapoursynth-wnnm",
        "type": "path"
      },
      "original": {
        "path": "./vapoursynth-wnnm",
        "type": "path"
      },
      "parent": []
    },
    "zig2nix": {
      "inputs": {
        "flake-utils": "flake-utils",
        "nixpkgs": "nixpkgs_5"
      },
      "locked": {
        "lastModified": 1738891757,
        "narHash": "sha256-iSYYlSaz+k782rdE4aekqXwV8ahDsS759FYIGrWo4mA=",
        "owner": "Cloudef",
        "repo": "zig2nix",
        "rev": "aff8ec71d0df96be2168eb72e215185243dac21c",
        "type": "github"
      },
      "original": {
        "owner": "Cloudef",
        "repo": "zig2nix",
        "type": "github"
      }
    },
    "zig2nix_2": {
      "inputs": {
        "flake-utils": "flake-utils_2",
        "nixpkgs": "nixpkgs_7"
      },
      "locked": {
        "lastModified": 1738891757,
        "narHash": "sha256-iSYYlSaz+k782rdE4aekqXwV8ahDsS759FYIGrWo4mA=",
        "owner": "Cloudef",
        "repo": "zig2nix",
        "rev": "aff8ec71d0df96be2168eb72e215185243dac21c",
        "type": "github"
      },
      "original": {
        "owner": "Cloudef",
        "repo": "zig2nix",
        "type": "github"
      }
    }
  },
  "root": "root",
  "version": 7
}
